// !$*UTF8*$!
{
	archiveVersion = 1;
	classes = {
	};
	objectVersion = 46;
	objects = {

/* Begin PBXBuildFile section */
		D31537B0160AED220027D3DF /* Default-568h@2x.png in Resources */ = {isa = PBXBuildFile; fileRef = D31537AF160AED220027D3DF /* Default-568h@2x.png */; };
		D316160B1608F8C30044DA09 /* QuartzCore.framework in Frameworks */ = {isa = PBXBuildFile; fileRef = D316160A1608F8C30044DA09 /* QuartzCore.framework */; };
		D3400DBF15E4212600503B1F /* UIKit.framework in Frameworks */ = {isa = PBXBuildFile; fileRef = D3400DBE15E4212600503B1F /* UIKit.framework */; };
		D3400DC115E4212600503B1F /* Foundation.framework in Frameworks */ = {isa = PBXBuildFile; fileRef = D3400DC015E4212600503B1F /* Foundation.framework */; };
		D3400DC315E4212600503B1F /* CoreGraphics.framework in Frameworks */ = {isa = PBXBuildFile; fileRef = D3400DC215E4212600503B1F /* CoreGraphics.framework */; };
		D3400DC915E4212600503B1F /* InfoPlist.strings in Resources */ = {isa = PBXBuildFile; fileRef = D3400DC715E4212600503B1F /* InfoPlist.strings */; };
		D3400DCB15E4212600503B1F /* main.m in Sources */ = {isa = PBXBuildFile; fileRef = D3400DCA15E4212600503B1F /* main.m */; };
		D3400DCF15E4212600503B1F /* AppDelegate.m in Sources */ = {isa = PBXBuildFile; fileRef = D3400DCE15E4212600503B1F /* AppDelegate.m */; };
		D3400DEB15E4238300503B1F /* SearchViewController.m in Sources */ = {isa = PBXBuildFile; fileRef = D3400DEA15E4238300503B1F /* SearchViewController.m */; };
		D3400DEF15E424DF00503B1F /* MyClimbsViewController.m in Sources */ = {isa = PBXBuildFile; fileRef = D3400DEE15E424DF00503B1F /* MyClimbsViewController.m */; };
		D3400DF315E6CA3300503B1F /* ClimbersBuddyStyle.m in Sources */ = {isa = PBXBuildFile; fileRef = D3400DF215E6CA3300503B1F /* ClimbersBuddyStyle.m */; };
		D34D3E1915E88C580047E8A3 /* ClimbInfo.m in Sources */ = {isa = PBXBuildFile; fileRef = D34D3E1815E88C580047E8A3 /* ClimbInfo.m */; };
		D35DBDF516079B2F003F9C94 /* SearchResultClimbDetailViewController.m in Sources */ = {isa = PBXBuildFile; fileRef = D35DBDF416079B2F003F9C94 /* SearchResultClimbDetailViewController.m */; };
		D35DBDFB16079DC6003F9C94 /* MyClimbsDetailViewController.m in Sources */ = {isa = PBXBuildFile; fileRef = D35DBDFA16079DC6003F9C94 /* MyClimbsDetailViewController.m */; };
		D35DBDFF1607BE7E003F9C94 /* SearchIcon.png in Resources */ = {isa = PBXBuildFile; fileRef = D35DBDFE1607BE7E003F9C94 /* SearchIcon.png */; };
		D35DBE031607C106003F9C94 /* nopic.png in Resources */ = {isa = PBXBuildFile; fileRef = D35DBE021607C106003F9C94 /* nopic.png */; };
		D35DBE051607C195003F9C94 /* myclimbs.png in Resources */ = {isa = PBXBuildFile; fileRef = D35DBE041607C195003F9C94 /* myclimbs.png */; };
		D3666C5A15E963B5001490BF /* SearchFilter.m in Sources */ = {isa = PBXBuildFile; fileRef = D3666C5915E963B5001490BF /* SearchFilter.m */; };
		D39A364D15EF23A1009FDC9E /* CoreLocation.framework in Frameworks */ = {isa = PBXBuildFile; fileRef = D39A364C15EF23A1009FDC9E /* CoreLocation.framework */; };
		D39A365115EF3334009FDC9E /* ClimbInfoTableViewController.m in Sources */ = {isa = PBXBuildFile; fileRef = D39A365015EF3334009FDC9E /* ClimbInfoTableViewController.m */; };
		D39A365515EFD2EB009FDC9E /* ClimbFetcher.m in Sources */ = {isa = PBXBuildFile; fileRef = D39A365415EFD2EB009FDC9E /* ClimbFetcher.m */; };
		D3A6A96115EC09530098539C /* ToggleSegmentedControl.m in Sources */ = {isa = PBXBuildFile; fileRef = D3A6A96015EC09530098539C /* ToggleSegmentedControl.m */; };
		D3AC2F34160306FE00065D46 /* MyClimbsManager.m in Sources */ = {isa = PBXBuildFile; fileRef = D3AC2F33160306FE00065D46 /* MyClimbsManager.m */; };
		D3FDD3A615F01F54001DF726 /* ClimbDetailViewController.m in Sources */ = {isa = PBXBuildFile; fileRef = D3FDD3A515F01F54001DF726 /* ClimbDetailViewController.m */; };
		D3FDD3AA15F020F9001DF726 /* SearchResultViewController.m in Sources */ = {isa = PBXBuildFile; fileRef = D3FDD3A915F020F9001DF726 /* SearchResultViewController.m */; };
/* End PBXBuildFile section */

/* Begin PBXFileReference section */
		D31537AF160AED220027D3DF /* Default-568h@2x.png */ = {isa = PBXFileReference; lastKnownFileType = image.png; path = "Default-568h@2x.png"; sourceTree = "<group>"; };
		D316160A1608F8C30044DA09 /* QuartzCore.framework */ = {isa = PBXFileReference; lastKnownFileType = wrapper.framework; name = QuartzCore.framework; path = System/Library/Frameworks/QuartzCore.framework; sourceTree = SDKROOT; };
		D3400DBA15E4212600503B1F /* ClimbersBuddy.app */ = {isa = PBXFileReference; explicitFileType = wrapper.application; includeInIndex = 0; path = ClimbersBuddy.app; sourceTree = BUILT_PRODUCTS_DIR; };
		D3400DBE15E4212600503B1F /* UIKit.framework */ = {isa = PBXFileReference; lastKnownFileType = wrapper.framework; name = UIKit.framework; path = System/Library/Frameworks/UIKit.framework; sourceTree = SDKROOT; };
		D3400DC015E4212600503B1F /* Foundation.framework */ = {isa = PBXFileReference; lastKnownFileType = wrapper.framework; name = Foundation.framework; path = System/Library/Frameworks/Foundation.framework; sourceTree = SDKROOT; };
		D3400DC215E4212600503B1F /* CoreGraphics.framework */ = {isa = PBXFileReference; lastKnownFileType = wrapper.framework; name = CoreGraphics.framework; path = System/Library/Frameworks/CoreGraphics.framework; sourceTree = SDKROOT; };
		D3400DC615E4212600503B1F /* ClimbersBuddy-Info.plist */ = {isa = PBXFileReference; lastKnownFileType = text.plist.xml; path = "ClimbersBuddy-Info.plist"; sourceTree = "<group>"; };
		D3400DC815E4212600503B1F /* en */ = {isa = PBXFileReference; lastKnownFileType = text.plist.strings; name = en; path = en.lproj/InfoPlist.strings; sourceTree = "<group>"; };
		D3400DCA15E4212600503B1F /* main.m */ = {isa = PBXFileReference; lastKnownFileType = sourcecode.c.objc; path = main.m; sourceTree = "<group>"; };
		D3400DCC15E4212600503B1F /* ClimbersBuddy-Prefix.pch */ = {isa = PBXFileReference; lastKnownFileType = sourcecode.c.h; path = "ClimbersBuddy-Prefix.pch"; sourceTree = "<group>"; };
		D3400DCD15E4212600503B1F /* AppDelegate.h */ = {isa = PBXFileReference; lastKnownFileType = sourcecode.c.h; path = AppDelegate.h; sourceTree = "<group>"; };
		D3400DCE15E4212600503B1F /* AppDelegate.m */ = {isa = PBXFileReference; lastKnownFileType = sourcecode.c.objc; path = AppDelegate.m; sourceTree = "<group>"; };
		D3400DE915E4238300503B1F /* SearchViewController.h */ = {isa = PBXFileReference; fileEncoding = 4; lastKnownFileType = sourcecode.c.h; path = SearchViewController.h; sourceTree = "<group>"; };
		D3400DEA15E4238300503B1F /* SearchViewController.m */ = {isa = PBXFileReference; fileEncoding = 4; lastKnownFileType = sourcecode.c.objc; path = SearchViewController.m; sourceTree = "<group>"; };
		D3400DED15E424DF00503B1F /* MyClimbsViewController.h */ = {isa = PBXFileReference; fileEncoding = 4; lastKnownFileType = sourcecode.c.h; path = MyClimbsViewController.h; sourceTree = "<group>"; };
		D3400DEE15E424DF00503B1F /* MyClimbsViewController.m */ = {isa = PBXFileReference; fileEncoding = 4; lastKnownFileType = sourcecode.c.objc; path = MyClimbsViewController.m; sourceTree = "<group>"; };
		D3400DF015E4377700503B1F /* CommonDefines.h */ = {isa = PBXFileReference; lastKnownFileType = sourcecode.c.h; path = CommonDefines.h; sourceTree = "<group>"; };
		D3400DF115E6CA3300503B1F /* ClimbersBuddyStyle.h */ = {isa = PBXFileReference; fileEncoding = 4; lastKnownFileType = sourcecode.c.h; path = ClimbersBuddyStyle.h; sourceTree = "<group>"; };
		D3400DF215E6CA3300503B1F /* ClimbersBuddyStyle.m */ = {isa = PBXFileReference; fileEncoding = 4; lastKnownFileType = sourcecode.c.objc; path = ClimbersBuddyStyle.m; sourceTree = "<group>"; };
		D34D3E1715E88C580047E8A3 /* ClimbInfo.h */ = {isa = PBXFileReference; fileEncoding = 4; lastKnownFileType = sourcecode.c.h; path = ClimbInfo.h; sourceTree = "<group>"; };
		D34D3E1815E88C580047E8A3 /* ClimbInfo.m */ = {isa = PBXFileReference; fileEncoding = 4; lastKnownFileType = sourcecode.c.objc; path = ClimbInfo.m; sourceTree = "<group>"; };
		D35DBDF316079B2F003F9C94 /* SearchResultClimbDetailViewController.h */ = {isa = PBXFileReference; fileEncoding = 4; lastKnownFileType = sourcecode.c.h; path = SearchResultClimbDetailViewController.h; sourceTree = "<group>"; };
		D35DBDF416079B2F003F9C94 /* SearchResultClimbDetailViewController.m */ = {isa = PBXFileReference; fileEncoding = 4; lastKnownFileType = sourcecode.c.objc; path = SearchResultClimbDetailViewController.m; sourceTree = "<group>"; };
		D35DBDF916079DC6003F9C94 /* MyClimbsDetailViewController.h */ = {isa = PBXFileReference; fileEncoding = 4; lastKnownFileType = sourcecode.c.h; path = MyClimbsDetailViewController.h; sourceTree = "<group>"; };
		D35DBDFA16079DC6003F9C94 /* MyClimbsDetailViewController.m */ = {isa = PBXFileReference; fileEncoding = 4; lastKnownFileType = sourcecode.c.objc; path = MyClimbsDetailViewController.m; sourceTree = "<group>"; };
		D35DBDFE1607BE7E003F9C94 /* SearchIcon.png */ = {isa = PBXFileReference; lastKnownFileType = image.png; path = SearchIcon.png; sourceTree = "<group>"; };
		D35DBE021607C106003F9C94 /* nopic.png */ = {isa = PBXFileReference; lastKnownFileType = image.png; name = nopic.png; path = ClimbersBuddy/nopic.png; sourceTree = "<group>"; };
		D35DBE041607C195003F9C94 /* myclimbs.png */ = {isa = PBXFileReference; lastKnownFileType = image.png; path = myclimbs.png; sourceTree = "<group>"; };
		D3666C5815E963B5001490BF /* SearchFilter.h */ = {isa = PBXFileReference; fileEncoding = 4; lastKnownFileType = sourcecode.c.h; path = SearchFilter.h; sourceTree = "<group>"; };
		D3666C5915E963B5001490BF /* SearchFilter.m */ = {isa = PBXFileReference; fileEncoding = 4; lastKnownFileType = sourcecode.c.objc; path = SearchFilter.m; sourceTree = "<group>"; };
		D39A364C15EF23A1009FDC9E /* CoreLocation.framework */ = {isa = PBXFileReference; lastKnownFileType = wrapper.framework; name = CoreLocation.framework; path = System/Library/Frameworks/CoreLocation.framework; sourceTree = SDKROOT; };
		D39A364F15EF3334009FDC9E /* ClimbInfoTableViewController.h */ = {isa = PBXFileReference; fileEncoding = 4; lastKnownFileType = sourcecode.c.h; path = ClimbInfoTableViewController.h; sourceTree = "<group>"; };
		D39A365015EF3334009FDC9E /* ClimbInfoTableViewController.m */ = {isa = PBXFileReference; fileEncoding = 4; lastKnownFileType = sourcecode.c.objc; path = ClimbInfoTableViewController.m; sourceTree = "<group>"; };
		D39A365315EFD2EB009FDC9E /* ClimbFetcher.h */ = {isa = PBXFileReference; fileEncoding = 4; lastKnownFileType = sourcecode.c.h; path = ClimbFetcher.h; sourceTree = "<group>"; };
		D39A365415EFD2EB009FDC9E /* ClimbFetcher.m */ = {isa = PBXFileReference; fileEncoding = 4; lastKnownFileType = sourcecode.c.objc; path = ClimbFetcher.m; sourceTree = "<group>"; };
		D3A6A95F15EC09530098539C /* ToggleSegmentedControl.h */ = {isa = PBXFileReference; fileEncoding = 4; lastKnownFileType = sourcecode.c.h; path = ToggleSegmentedControl.h; sourceTree = "<group>"; };
		D3A6A96015EC09530098539C /* ToggleSegmentedControl.m */ = {isa = PBXFileReference; fileEncoding = 4; lastKnownFileType = sourcecode.c.objc; path = ToggleSegmentedControl.m; sourceTree = "<group>"; };
		D3AC2F32160306FE00065D46 /* MyClimbsManager.h */ = {isa = PBXFileReference; fileEncoding = 4; lastKnownFileType = sourcecode.c.h; path = MyClimbsManager.h; sourceTree = "<group>"; };
		D3AC2F33160306FE00065D46 /* MyClimbsManager.m */ = {isa = PBXFileReference; fileEncoding = 4; lastKnownFileType = sourcecode.c.objc; path = MyClimbsManager.m; sourceTree = "<group>"; };
		D3FDD3A415F01F54001DF726 /* ClimbDetailViewController.h */ = {isa = PBXFileReference; fileEncoding = 4; lastKnownFileType = sourcecode.c.h; path = ClimbDetailViewController.h; sourceTree = "<group>"; };
		D3FDD3A515F01F54001DF726 /* ClimbDetailViewController.m */ = {isa = PBXFileReference; fileEncoding = 4; lastKnownFileType = sourcecode.c.objc; path = ClimbDetailViewController.m; sourceTree = "<group>"; };
		D3FDD3A815F020F9001DF726 /* SearchResultViewController.h */ = {isa = PBXFileReference; fileEncoding = 4; lastKnownFileType = sourcecode.c.h; path = SearchResultViewController.h; sourceTree = "<group>"; };
		D3FDD3A915F020F9001DF726 /* SearchResultViewController.m */ = {isa = PBXFileReference; fileEncoding = 4; lastKnownFileType = sourcecode.c.objc; path = SearchResultViewController.m; sourceTree = "<group>"; };
/* End PBXFileReference section */

/* Begin PBXFrameworksBuildPhase section */
		D3400DB715E4212500503B1F /* Frameworks */ = {
			isa = PBXFrameworksBuildPhase;
			buildActionMask = 2147483647;
			files = (
				D316160B1608F8C30044DA09 /* QuartzCore.framework in Frameworks */,
				D39A364D15EF23A1009FDC9E /* CoreLocation.framework in Frameworks */,
				D3400DBF15E4212600503B1F /* UIKit.framework in Frameworks */,
				D3400DC115E4212600503B1F /* Foundation.framework in Frameworks */,
				D3400DC315E4212600503B1F /* CoreGraphics.framework in Frameworks */,
			);
			runOnlyForDeploymentPostprocessing = 0;
		};
/* End PBXFrameworksBuildPhase section */

/* Begin PBXGroup section */
		D3400DAF15E4212500503B1F = {
			isa = PBXGroup;
			children = (
				D3400DC415E4212600503B1F /* ClimbersBuddy */,
				D349BDFF15F05E7300BDBB3C /* Assets */,
				D3400DBD15E4212600503B1F /* Frameworks */,
				D3400DBB15E4212600503B1F /* Products */,
			);
			sourceTree = "<group>";
		};
		D3400DBB15E4212600503B1F /* Products */ = {
			isa = PBXGroup;
			children = (
				D3400DBA15E4212600503B1F /* ClimbersBuddy.app */,
			);
			name = Products;
			sourceTree = "<group>";
		};
		D3400DBD15E4212600503B1F /* Frameworks */ = {
			isa = PBXGroup;
			children = (
				D316160A1608F8C30044DA09 /* QuartzCore.framework */,
				D39A364C15EF23A1009FDC9E /* CoreLocation.framework */,
				D3400DBE15E4212600503B1F /* UIKit.framework */,
				D3400DC015E4212600503B1F /* Foundation.framework */,
				D3400DC215E4212600503B1F /* CoreGraphics.framework */,
			);
			name = Frameworks;
			sourceTree = "<group>";
		};
		D3400DC415E4212600503B1F /* ClimbersBuddy */ = {
			isa = PBXGroup;
			children = (
				D3400DCD15E4212600503B1F /* AppDelegate.h */,
				D3400DCE15E4212600503B1F /* AppDelegate.m */,
				D39A365215EFD2C4009FDC9E /* CommonHelpers */,
				D3A6A96315EC096D0098539C /* Views */,
				D34D3E1B15E88C8C0047E8A3 /* Model */,
				D3400DEC15E4238900503B1F /* View Controllers */,
				D3400DC515E4212600503B1F /* Supporting Files */,
			);
			path = ClimbersBuddy;
			sourceTree = "<group>";
		};
		D3400DC515E4212600503B1F /* Supporting Files */ = {
			isa = PBXGroup;
			children = (
				D3400DC615E4212600503B1F /* ClimbersBuddy-Info.plist */,
				D3400DC715E4212600503B1F /* InfoPlist.strings */,
				D3400DCA15E4212600503B1F /* main.m */,
				D3400DCC15E4212600503B1F /* ClimbersBuddy-Prefix.pch */,
			);
			name = "Supporting Files";
			sourceTree = "<group>";
		};
		D3400DEC15E4238900503B1F /* View Controllers */ = {
			isa = PBXGroup;
			children = (
				D3400DE915E4238300503B1F /* SearchViewController.h */,
				D3400DEA15E4238300503B1F /* SearchViewController.m */,
				D35DBDF816079B67003F9C94 /* Climb Table View Controllers */,
				D35DBDF716079B3C003F9C94 /* Climb Detail View Controllers */,
			);
			name = "View Controllers";
			sourceTree = "<group>";
		};
		D349BDFF15F05E7300BDBB3C /* Assets */ = {
			isa = PBXGroup;
			children = (
				D31537AF160AED220027D3DF /* Default-568h@2x.png */,
				D35DBE041607C195003F9C94 /* myclimbs.png */,
				D35DBDFE1607BE7E003F9C94 /* SearchIcon.png */,
				D35DBE021607C106003F9C94 /* nopic.png */,
			);
			name = Assets;
			sourceTree = "<group>";
		};
		D34D3E1B15E88C8C0047E8A3 /* Model */ = {
			isa = PBXGroup;
			children = (
				D3666C5815E963B5001490BF /* SearchFilter.h */,
				D3666C5915E963B5001490BF /* SearchFilter.m */,
				D34D3E1715E88C580047E8A3 /* ClimbInfo.h */,
				D34D3E1815E88C580047E8A3 /* ClimbInfo.m */,
				D3AC2F32160306FE00065D46 /* MyClimbsManager.h */,
				D3AC2F33160306FE00065D46 /* MyClimbsManager.m */,
			);
			name = Model;
			sourceTree = "<group>";
		};
		D35DBDF716079B3C003F9C94 /* Climb Detail View Controllers */ = {
			isa = PBXGroup;
			children = (
				D3FDD3A415F01F54001DF726 /* ClimbDetailViewController.h */,
				D3FDD3A515F01F54001DF726 /* ClimbDetailViewController.m */,
				D35DBDF916079DC6003F9C94 /* MyClimbsDetailViewController.h */,
				D35DBDFA16079DC6003F9C94 /* MyClimbsDetailViewController.m */,
				D35DBDF316079B2F003F9C94 /* SearchResultClimbDetailViewController.h */,
				D35DBDF416079B2F003F9C94 /* SearchResultClimbDetailViewController.m */,
			);
			name = "Climb Detail View Controllers";
			sourceTree = "<group>";
		};
		D35DBDF816079B67003F9C94 /* Climb Table View Controllers */ = {
			isa = PBXGroup;
			children = (
				D39A364F15EF3334009FDC9E /* ClimbInfoTableViewController.h */,
				D39A365015EF3334009FDC9E /* ClimbInfoTableViewController.m */,
				D3FDD3A815F020F9001DF726 /* SearchResultViewController.h */,
				D3FDD3A915F020F9001DF726 /* SearchResultViewController.m */,
				D3400DED15E424DF00503B1F /* MyClimbsViewController.h */,
				D3400DEE15E424DF00503B1F /* MyClimbsViewController.m */,
			);
			name = "Climb Table View Controllers";
			sourceTree = "<group>";
		};
		D39A365215EFD2C4009FDC9E /* CommonHelpers */ = {
			isa = PBXGroup;
			children = (
				D3400DF015E4377700503B1F /* CommonDefines.h */,
				D3400DF115E6CA3300503B1F /* ClimbersBuddyStyle.h */,
				D3400DF215E6CA3300503B1F /* ClimbersBuddyStyle.m */,
				D39A365315EFD2EB009FDC9E /* ClimbFetcher.h */,
				D39A365415EFD2EB009FDC9E /* ClimbFetcher.m */,
			);
			name = CommonHelpers;
			sourceTree = "<group>";
		};
		D3A6A96315EC096D0098539C /* Views */ = {
			isa = PBXGroup;
			children = (
				D3A6A95F15EC09530098539C /* ToggleSegmentedControl.h */,
				D3A6A96015EC09530098539C /* ToggleSegmentedControl.m */,
			);
			name = Views;
			sourceTree = "<group>";
		};
/* End PBXGroup section */

/* Begin PBXNativeTarget section */
		D3400DB915E4212500503B1F /* ClimbersBuddy */ = {
			isa = PBXNativeTarget;
			buildConfigurationList = D3400DE615E4212600503B1F /* Build configuration list for PBXNativeTarget "ClimbersBuddy" */;
			buildPhases = (
				D3400DB615E4212500503B1F /* Sources */,
				D3400DB715E4212500503B1F /* Frameworks */,
				D3400DB815E4212500503B1F /* Resources */,
			);
			buildRules = (
			);
			dependencies = (
			);
			name = ClimbersBuddy;
			productName = ClimbersBuddy;
			productReference = D3400DBA15E4212600503B1F /* ClimbersBuddy.app */;
			productType = "com.apple.product-type.application";
		};
/* End PBXNativeTarget section */

/* Begin PBXProject section */
		D3400DB115E4212500503B1F /* Project object */ = {
			isa = PBXProject;
			attributes = {
				LastUpgradeCheck = 0440;
				ORGANIZATIONNAME = CSHaus;
			};
			buildConfigurationList = D3400DB415E4212500503B1F /* Build configuration list for PBXProject "ClimbersBuddy" */;
			compatibilityVersion = "Xcode 3.2";
			developmentRegion = English;
			hasScannedForEncodings = 0;
			knownRegions = (
				en,
			);
			mainGroup = D3400DAF15E4212500503B1F;
			productRefGroup = D3400DBB15E4212600503B1F /* Products */;
			projectDirPath = "";
			projectRoot = "";
			targets = (
				D3400DB915E4212500503B1F /* ClimbersBuddy */,
			);
		};
/* End PBXProject section */

/* Begin PBXResourcesBuildPhase section */
		D3400DB815E4212500503B1F /* Resources */ = {
			isa = PBXResourcesBuildPhase;
			buildActionMask = 2147483647;
			files = (
				D3400DC915E4212600503B1F /* InfoPlist.strings in Resources */,
				D35DBDFF1607BE7E003F9C94 /* SearchIcon.png in Resources */,
				D35DBE031607C106003F9C94 /* nopic.png in Resources */,
				D35DBE051607C195003F9C94 /* myclimbs.png in Resources */,
				D31537B0160AED220027D3DF /* Default-568h@2x.png in Resources */,
			);
			runOnlyForDeploymentPostprocessing = 0;
		};
/* End PBXResourcesBuildPhase section */

/* Begin PBXSourcesBuildPhase section */
		D3400DB615E4212500503B1F /* Sources */ = {
			isa = PBXSourcesBuildPhase;
			buildActionMask = 2147483647;
			files = (
				D3400DCB15E4212600503B1F /* main.m in Sources */,
				D3400DCF15E4212600503B1F /* AppDelegate.m in Sources */,
				D3400DEB15E4238300503B1F /* SearchViewController.m in Sources */,
				D3400DEF15E424DF00503B1F /* MyClimbsViewController.m in Sources */,
				D3400DF315E6CA3300503B1F /* ClimbersBuddyStyle.m in Sources */,
				D3666C5A15E963B5001490BF /* SearchFilter.m in Sources */,
				D3A6A96115EC09530098539C /* ToggleSegmentedControl.m in Sources */,
				D39A365115EF3334009FDC9E /* ClimbInfoTableViewController.m in Sources */,
				D39A365515EFD2EB009FDC9E /* ClimbFetcher.m in Sources */,
				D3FDD3A615F01F54001DF726 /* ClimbDetailViewController.m in Sources */,
				D3FDD3AA15F020F9001DF726 /* SearchResultViewController.m in Sources */,
				D3AC2F34160306FE00065D46 /* MyClimbsManager.m in Sources */,
				D35DBDF516079B2F003F9C94 /* SearchResultClimbDetailViewController.m in Sources */,
				D35DBDFB16079DC6003F9C94 /* MyClimbsDetailViewController.m in Sources */,
			);
			runOnlyForDeploymentPostprocessing = 0;
		};
/* End PBXSourcesBuildPhase section */

/* Begin PBXVariantGroup section */
		D3400DC715E4212600503B1F /* InfoPlist.strings */ = {
			isa = PBXVariantGroup;
			children = (
				D3400DC815E4212600503B1F /* en */,
			);
			name = InfoPlist.strings;
			sourceTree = "<group>";
		};
/* End PBXVariantGroup section */

/* Begin XCBuildConfiguration section */
		D3400DE415E4212600503B1F /* Debug */ = {
			isa = XCBuildConfiguration;
			buildSettings = {
				ALWAYS_SEARCH_USER_PATHS = NO;
				ARCHS = "$(ARCHS_STANDARD_32_BIT)";
				CLANG_CXX_LANGUAGE_STANDARD = "gnu++0x";
				CLANG_ENABLE_OBJC_ARC = YES;
				CLANG_WARN__DUPLICATE_METHOD_MATCH = YES;
				"CODE_SIGN_IDENTITY[sdk=iphoneos*]" = "iPhone Developer";
				COPY_PHASE_STRIP = NO;
				GCC_C_LANGUAGE_STANDARD = gnu99;
				GCC_DYNAMIC_NO_PIC = NO;
				GCC_OPTIMIZATION_LEVEL = 0;
				GCC_PREPROCESSOR_DEFINITIONS = (
					"DEBUG=1",
					"$(inherited)",
				);
				GCC_SYMBOLS_PRIVATE_EXTERN = NO;
				GCC_VERSION = com.apple.compilers.llvm.clang.1_0;
				GCC_WARN_ABOUT_RETURN_TYPE = YES;
				GCC_WARN_UNINITIALIZED_AUTOS = YES;
				GCC_WARN_UNUSED_VARIABLE = YES;
				IPHONEOS_DEPLOYMENT_TARGET = 5.1;
				SDKROOT = iphoneos;
			};
			name = Debug;
		};
		D3400DE515E4212600503B1F /* Release */ = {
			isa = XCBuildConfiguration;
			buildSettings = {
				ALWAYS_SEARCH_USER_PATHS = NO;
				ARCHS = "$(ARCHS_STANDARD_32_BIT)";
				CLANG_CXX_LANGUAGE_STANDARD = "gnu++0x";
				CLANG_ENABLE_OBJC_ARC = YES;
				CLANG_WARN__DUPLICATE_METHOD_MATCH = YES;
				"CODE_SIGN_IDENTITY[sdk=iphoneos*]" = "iPhone Developer";
				COPY_PHASE_STRIP = YES;
				GCC_C_LANGUAGE_STANDARD = gnu99;
				GCC_VERSION = com.apple.compilers.llvm.clang.1_0;
				GCC_WARN_ABOUT_RETURN_TYPE = YES;
				GCC_WARN_UNINITIALIZED_AUTOS = YES;
				GCC_WARN_UNUSED_VARIABLE = YES;
				IPHONEOS_DEPLOYMENT_TARGET = 5.1;
				OTHER_CFLAGS = "-DNS_BLOCK_ASSERTIONS=1";
				SDKROOT = iphoneos;
				VALIDATE_PRODUCT = YES;
			};
			name = Release;
		};
		D3400DE715E4212600503B1F /* Debug */ = {
			isa = XCBuildConfiguration;
			buildSettings = {
				GCC_PRECOMPILE_PREFIX_HEADER = YES;
				GCC_PREFIX_HEADER = "ClimbersBuddy/ClimbersBuddy-Prefix.pch";
				INFOPLIST_FILE = "ClimbersBuddy/ClimbersBuddy-Info.plist";
				PRODUCT_NAME = "$(TARGET_NAME)";
				WRAPPER_EXTENSION = app;
			};
			name = Debug;
		};
		D3400DE815E4212600503B1F /* Release */ = {
			isa = XCBuildConfiguration;
			buildSettings = {
				GCC_PRECOMPILE_PREFIX_HEADER = YES;
				GCC_PREFIX_HEADER = "ClimbersBuddy/ClimbersBuddy-Prefix.pch";
				INFOPLIST_FILE = "ClimbersBuddy/ClimbersBuddy-Info.plist";
				PRODUCT_NAME = "$(TARGET_NAME)";
				WRAPPER_EXTENSION = app;
			};
			name = Release;
		};
/* End XCBuildConfiguration section */

/* Begin XCConfigurationList section */
		D3400DB415E4212500503B1F /* Build configuration list for PBXProject "ClimbersBuddy" */ = {
			isa = XCConfigurationList;
			buildConfigurations = (
				D3400DE415E4212600503B1F /* Debug */,
				D3400DE515E4212600503B1F /* Release */,
			);
			defaultConfigurationIsVisible = 0;
			defaultConfigurationName = Release;
		};
		D3400DE615E4212600503B1F /* Build configuration list for PBXNativeTarget "ClimbersBuddy" */ = {
			isa = XCConfigurationList;
			buildConfigurations = (
				D3400DE715E4212600503B1F /* Debug */,
				D3400DE815E4212600503B1F /* Release */,
			);
			defaultConfigurationIsVisible = 0;
			defaultConfigurationName = Release;
		};
/* End XCConfigurationList section */
	};
	rootObject = D3400DB115E4212500503B1F /* Project object */;
}
