// !$*UTF8*$!
{
	archiveVersion = 1;
	classes = {
	};
	objectVersion = 46;
	objects = {

/* Begin PBXBuildFile section */
		D310E17D164E088600ECAF1C /* MapKit.framework in Frameworks */ = {isa = PBXBuildFile; fileRef = D310E17C164E088600ECAF1C /* MapKit.framework */; };
		D31537B0160AED220027D3DF /* Default-568h@2x.png in Resources */ = {isa = PBXBuildFile; fileRef = D31537AF160AED220027D3DF /* Default-568h@2x.png */; };
		D316160B1608F8C30044DA09 /* QuartzCore.framework in Frameworks */ = {isa = PBXBuildFile; fileRef = D316160A1608F8C30044DA09 /* QuartzCore.framework */; };
		D3400DBF15E4212600503B1F /* UIKit.framework in Frameworks */ = {isa = PBXBuildFile; fileRef = D3400DBE15E4212600503B1F /* UIKit.framework */; };
		D3400DC115E4212600503B1F /* Foundation.framework in Frameworks */ = {isa = PBXBuildFile; fileRef = D3400DC015E4212600503B1F /* Foundation.framework */; };
		D3400DC315E4212600503B1F /* CoreGraphics.framework in Frameworks */ = {isa = PBXBuildFile; fileRef = D3400DC215E4212600503B1F /* CoreGraphics.framework */; };
		D3400DC915E4212600503B1F /* InfoPlist.strings in Resources */ = {isa = PBXBuildFile; fileRef = D3400DC715E4212600503B1F /* InfoPlist.strings */; };
		D3400DCB15E4212600503B1F /* main.m in Sources */ = {isa = PBXBuildFile; fileRef = D3400DCA15E4212600503B1F /* main.m */; };
		D3400DCF15E4212600503B1F /* AppDelegate.m in Sources */ = {isa = PBXBuildFile; fileRef = D3400DCE15E4212600503B1F /* AppDelegate.m */; };
		D38B9E4A16E275D300BE0019 /* ClimbersBuddyStyle.m in Sources */ = {isa = PBXBuildFile; fileRef = D38B9E4416E275D300BE0019 /* ClimbersBuddyStyle.m */; };
		D38B9E4B16E275D300BE0019 /* ClimbParser.m in Sources */ = {isa = PBXBuildFile; fileRef = D38B9E4616E275D300BE0019 /* ClimbParser.m */; };
		D38B9E4C16E275D300BE0019 /* LocationManager.m in Sources */ = {isa = PBXBuildFile; fileRef = D38B9E4916E275D300BE0019 /* LocationManager.m */; };
		D38B9E6616E2767700BE0019 /* NSObject+SBJson.m in Sources */ = {isa = PBXBuildFile; fileRef = D38B9E4E16E2767700BE0019 /* NSObject+SBJson.m */; };
		D38B9E6716E2767700BE0019 /* SBJsonParser.m in Sources */ = {isa = PBXBuildFile; fileRef = D38B9E5116E2767700BE0019 /* SBJsonParser.m */; };
		D38B9E6816E2767700BE0019 /* SBJsonStreamParser.m in Sources */ = {isa = PBXBuildFile; fileRef = D38B9E5316E2767700BE0019 /* SBJsonStreamParser.m */; };
		D38B9E6916E2767700BE0019 /* SBJsonStreamParserAccumulator.m in Sources */ = {isa = PBXBuildFile; fileRef = D38B9E5516E2767700BE0019 /* SBJsonStreamParserAccumulator.m */; };
		D38B9E6A16E2767700BE0019 /* SBJsonStreamParserAdapter.m in Sources */ = {isa = PBXBuildFile; fileRef = D38B9E5716E2767700BE0019 /* SBJsonStreamParserAdapter.m */; };
		D38B9E6B16E2767700BE0019 /* SBJsonStreamParserState.m in Sources */ = {isa = PBXBuildFile; fileRef = D38B9E5916E2767700BE0019 /* SBJsonStreamParserState.m */; };
		D38B9E6C16E2767700BE0019 /* SBJsonStreamWriter.m in Sources */ = {isa = PBXBuildFile; fileRef = D38B9E5B16E2767700BE0019 /* SBJsonStreamWriter.m */; };
		D38B9E6D16E2767700BE0019 /* SBJsonStreamWriterAccumulator.m in Sources */ = {isa = PBXBuildFile; fileRef = D38B9E5D16E2767700BE0019 /* SBJsonStreamWriterAccumulator.m */; };
		D38B9E6E16E2767700BE0019 /* SBJsonStreamWriterState.m in Sources */ = {isa = PBXBuildFile; fileRef = D38B9E5F16E2767700BE0019 /* SBJsonStreamWriterState.m */; };
		D38B9E6F16E2767700BE0019 /* SBJsonTokeniser.m in Sources */ = {isa = PBXBuildFile; fileRef = D38B9E6116E2767700BE0019 /* SBJsonTokeniser.m */; };
		D38B9E7016E2767700BE0019 /* SBJsonUTF8Stream.m in Sources */ = {isa = PBXBuildFile; fileRef = D38B9E6316E2767700BE0019 /* SBJsonUTF8Stream.m */; };
		D38B9E7116E2767700BE0019 /* SBJsonWriter.m in Sources */ = {isa = PBXBuildFile; fileRef = D38B9E6516E2767700BE0019 /* SBJsonWriter.m */; };
		D38B9E7816E276B700BE0019 /* ClimbInfo.m in Sources */ = {isa = PBXBuildFile; fileRef = D38B9E7316E276B700BE0019 /* ClimbInfo.m */; };
		D38B9E7916E276B700BE0019 /* MyClimbsManager.m in Sources */ = {isa = PBXBuildFile; fileRef = D38B9E7516E276B700BE0019 /* MyClimbsManager.m */; };
		D38B9E7A16E276B700BE0019 /* SearchFilter.m in Sources */ = {isa = PBXBuildFile; fileRef = D38B9E7716E276B700BE0019 /* SearchFilter.m */; };
		D38B9E8116E276F000BE0019 /* ExpandableView.m in Sources */ = {isa = PBXBuildFile; fileRef = D38B9E7C16E276F000BE0019 /* ExpandableView.m */; };
		D38B9E8216E276F000BE0019 /* RangeSlider.m in Sources */ = {isa = PBXBuildFile; fileRef = D38B9E7E16E276F000BE0019 /* RangeSlider.m */; };
		D38B9E8316E276F000BE0019 /* ToggleSegmentedControl.m in Sources */ = {isa = PBXBuildFile; fileRef = D38B9E8016E276F000BE0019 /* ToggleSegmentedControl.m */; };
		D38B9E8616E277D400BE0019 /* SearchViewController.m in Sources */ = {isa = PBXBuildFile; fileRef = D38B9E8516E277D400BE0019 /* SearchViewController.m */; };
		D38B9E8D16E277E800BE0019 /* ClimbInfoTableViewController.m in Sources */ = {isa = PBXBuildFile; fileRef = D38B9E8816E277E800BE0019 /* ClimbInfoTableViewController.m */; };
		D38B9E8E16E277E800BE0019 /* MyClimbsViewController.m in Sources */ = {isa = PBXBuildFile; fileRef = D38B9E8A16E277E800BE0019 /* MyClimbsViewController.m */; };
		D38B9E8F16E277E800BE0019 /* SearchResultViewController.m in Sources */ = {isa = PBXBuildFile; fileRef = D38B9E8C16E277E800BE0019 /* SearchResultViewController.m */; };
		D38B9E9616E2786500BE0019 /* ClimbDetailViewController.m in Sources */ = {isa = PBXBuildFile; fileRef = D38B9E9116E2786500BE0019 /* ClimbDetailViewController.m */; };
		D38B9E9716E2786500BE0019 /* MyClimbsDetailViewController.m in Sources */ = {isa = PBXBuildFile; fileRef = D38B9E9316E2786500BE0019 /* MyClimbsDetailViewController.m */; };
		D38B9E9816E2786500BE0019 /* SearchResultClimbDetailViewController.m in Sources */ = {isa = PBXBuildFile; fileRef = D38B9E9516E2786500BE0019 /* SearchResultClimbDetailViewController.m */; };
		D38B9EA216E2791500BE0019 /* myclimbs.png in Resources */ = {isa = PBXBuildFile; fileRef = D38B9E9F16E2791500BE0019 /* myclimbs.png */; };
		D38B9EA316E2791500BE0019 /* nopic.png in Resources */ = {isa = PBXBuildFile; fileRef = D38B9EA016E2791500BE0019 /* nopic.png */; };
		D38B9EA416E2791500BE0019 /* SearchIcon.png in Resources */ = {isa = PBXBuildFile; fileRef = D38B9EA116E2791500BE0019 /* SearchIcon.png */; };
		D38B9EA716E2876200BE0019 /* PointingViewController.m in Sources */ = {isa = PBXBuildFile; fileRef = D38B9EA616E2876200BE0019 /* PointingViewController.m */; };
		D38B9EA916E28CF900BE0019 /* compass.png in Resources */ = {isa = PBXBuildFile; fileRef = D38B9EA816E28CF900BE0019 /* compass.png */; };
		D38B9EAC16E29AEE00BE0019 /* UIView+UIViewConvenience.m in Sources */ = {isa = PBXBuildFile; fileRef = D38B9EAB16E29AEE00BE0019 /* UIView+UIViewConvenience.m */; };
		D39A364D15EF23A1009FDC9E /* CoreLocation.framework in Frameworks */ = {isa = PBXBuildFile; fileRef = D39A364C15EF23A1009FDC9E /* CoreLocation.framework */; };
		D3B1B8F5165629470014457D /* AppIcon_retina.png in Resources */ = {isa = PBXBuildFile; fileRef = D3B1B8F4165629470014457D /* AppIcon_retina.png */; };
		D3B1B8F816562A2C0014457D /* AppIcon.png in Resources */ = {isa = PBXBuildFile; fileRef = D3B1B8F716562A2C0014457D /* AppIcon.png */; };
		D3CC7EB716562D9000BD4D09 /* Default@2x.png in Resources */ = {isa = PBXBuildFile; fileRef = D3CC7EB616562D9000BD4D09 /* Default@2x.png */; };
		D3CC7EBB16562ECB00BD4D09 /* Default.png in Resources */ = {isa = PBXBuildFile; fileRef = D3CC7EBA16562ECB00BD4D09 /* Default.png */; };
/* End PBXBuildFile section */

/* Begin PBXFileReference section */
		D310E17C164E088600ECAF1C /* MapKit.framework */ = {isa = PBXFileReference; lastKnownFileType = wrapper.framework; name = MapKit.framework; path = System/Library/Frameworks/MapKit.framework; sourceTree = SDKROOT; };
		D31537AF160AED220027D3DF /* Default-568h@2x.png */ = {isa = PBXFileReference; lastKnownFileType = image.png; path = "Default-568h@2x.png"; sourceTree = "<group>"; };
		D316160A1608F8C30044DA09 /* QuartzCore.framework */ = {isa = PBXFileReference; lastKnownFileType = wrapper.framework; name = QuartzCore.framework; path = System/Library/Frameworks/QuartzCore.framework; sourceTree = SDKROOT; };
		D3400DBA15E4212600503B1F /* ClimbBuddy.app */ = {isa = PBXFileReference; explicitFileType = wrapper.application; includeInIndex = 0; path = ClimbBuddy.app; sourceTree = BUILT_PRODUCTS_DIR; };
		D3400DBE15E4212600503B1F /* UIKit.framework */ = {isa = PBXFileReference; lastKnownFileType = wrapper.framework; name = UIKit.framework; path = System/Library/Frameworks/UIKit.framework; sourceTree = SDKROOT; };
		D3400DC015E4212600503B1F /* Foundation.framework */ = {isa = PBXFileReference; lastKnownFileType = wrapper.framework; name = Foundation.framework; path = System/Library/Frameworks/Foundation.framework; sourceTree = SDKROOT; };
		D3400DC215E4212600503B1F /* CoreGraphics.framework */ = {isa = PBXFileReference; lastKnownFileType = wrapper.framework; name = CoreGraphics.framework; path = System/Library/Frameworks/CoreGraphics.framework; sourceTree = SDKROOT; };
		D3400DC615E4212600503B1F /* ClimbBuddy-Info.plist */ = {isa = PBXFileReference; lastKnownFileType = text.plist.xml; path = "ClimbBuddy-Info.plist"; sourceTree = "<group>"; };
		D3400DC815E4212600503B1F /* en */ = {isa = PBXFileReference; lastKnownFileType = text.plist.strings; name = en; path = en.lproj/InfoPlist.strings; sourceTree = "<group>"; };
		D3400DCA15E4212600503B1F /* main.m */ = {isa = PBXFileReference; lastKnownFileType = sourcecode.c.objc; path = main.m; sourceTree = "<group>"; };
		D3400DCC15E4212600503B1F /* ClimbBuddy-Prefix.pch */ = {isa = PBXFileReference; lastKnownFileType = sourcecode.c.h; path = "ClimbBuddy-Prefix.pch"; sourceTree = "<group>"; };
		D3400DCD15E4212600503B1F /* AppDelegate.h */ = {isa = PBXFileReference; lastKnownFileType = sourcecode.c.h; path = AppDelegate.h; sourceTree = "<group>"; };
		D3400DCE15E4212600503B1F /* AppDelegate.m */ = {isa = PBXFileReference; lastKnownFileType = sourcecode.c.objc; path = AppDelegate.m; sourceTree = "<group>"; };
		D38B9E4316E275D300BE0019 /* ClimbersBuddyStyle.h */ = {isa = PBXFileReference; fileEncoding = 4; lastKnownFileType = sourcecode.c.h; name = ClimbersBuddyStyle.h; path = CommonHelpers/ClimbersBuddyStyle.h; sourceTree = "<group>"; };
		D38B9E4416E275D300BE0019 /* ClimbersBuddyStyle.m */ = {isa = PBXFileReference; fileEncoding = 4; lastKnownFileType = sourcecode.c.objc; name = ClimbersBuddyStyle.m; path = CommonHelpers/ClimbersBuddyStyle.m; sourceTree = "<group>"; };
		D38B9E4516E275D300BE0019 /* ClimbParser.h */ = {isa = PBXFileReference; fileEncoding = 4; lastKnownFileType = sourcecode.c.h; name = ClimbParser.h; path = CommonHelpers/ClimbParser.h; sourceTree = "<group>"; };
		D38B9E4616E275D300BE0019 /* ClimbParser.m */ = {isa = PBXFileReference; fileEncoding = 4; lastKnownFileType = sourcecode.c.objc; name = ClimbParser.m; path = CommonHelpers/ClimbParser.m; sourceTree = "<group>"; };
		D38B9E4716E275D300BE0019 /* CommonDefines.h */ = {isa = PBXFileReference; fileEncoding = 4; lastKnownFileType = sourcecode.c.h; name = CommonDefines.h; path = CommonHelpers/CommonDefines.h; sourceTree = "<group>"; };
		D38B9E4816E275D300BE0019 /* LocationManager.h */ = {isa = PBXFileReference; fileEncoding = 4; lastKnownFileType = sourcecode.c.h; name = LocationManager.h; path = CommonHelpers/LocationManager.h; sourceTree = "<group>"; };
		D38B9E4916E275D300BE0019 /* LocationManager.m */ = {isa = PBXFileReference; fileEncoding = 4; lastKnownFileType = sourcecode.c.objc; name = LocationManager.m; path = CommonHelpers/LocationManager.m; sourceTree = "<group>"; };
		D38B9E4D16E2767700BE0019 /* NSObject+SBJson.h */ = {isa = PBXFileReference; fileEncoding = 4; lastKnownFileType = sourcecode.c.h; name = "NSObject+SBJson.h"; path = "CommonHelpers/JSON/NSObject+SBJson.h"; sourceTree = "<group>"; };
		D38B9E4E16E2767700BE0019 /* NSObject+SBJson.m */ = {isa = PBXFileReference; fileEncoding = 4; lastKnownFileType = sourcecode.c.objc; name = "NSObject+SBJson.m"; path = "CommonHelpers/JSON/NSObject+SBJson.m"; sourceTree = "<group>"; };
		D38B9E4F16E2767700BE0019 /* SBJson.h */ = {isa = PBXFileReference; fileEncoding = 4; lastKnownFileType = sourcecode.c.h; name = SBJson.h; path = CommonHelpers/JSON/SBJson.h; sourceTree = "<group>"; };
		D38B9E5016E2767700BE0019 /* SBJsonParser.h */ = {isa = PBXFileReference; fileEncoding = 4; lastKnownFileType = sourcecode.c.h; name = SBJsonParser.h; path = CommonHelpers/JSON/SBJsonParser.h; sourceTree = "<group>"; };
		D38B9E5116E2767700BE0019 /* SBJsonParser.m */ = {isa = PBXFileReference; fileEncoding = 4; lastKnownFileType = sourcecode.c.objc; name = SBJsonParser.m; path = CommonHelpers/JSON/SBJsonParser.m; sourceTree = "<group>"; };
		D38B9E5216E2767700BE0019 /* SBJsonStreamParser.h */ = {isa = PBXFileReference; fileEncoding = 4; lastKnownFileType = sourcecode.c.h; name = SBJsonStreamParser.h; path = CommonHelpers/JSON/SBJsonStreamParser.h; sourceTree = "<group>"; };
		D38B9E5316E2767700BE0019 /* SBJsonStreamParser.m */ = {isa = PBXFileReference; fileEncoding = 4; lastKnownFileType = sourcecode.c.objc; name = SBJsonStreamParser.m; path = CommonHelpers/JSON/SBJsonStreamParser.m; sourceTree = "<group>"; };
		D38B9E5416E2767700BE0019 /* SBJsonStreamParserAccumulator.h */ = {isa = PBXFileReference; fileEncoding = 4; lastKnownFileType = sourcecode.c.h; name = SBJsonStreamParserAccumulator.h; path = CommonHelpers/JSON/SBJsonStreamParserAccumulator.h; sourceTree = "<group>"; };
		D38B9E5516E2767700BE0019 /* SBJsonStreamParserAccumulator.m */ = {isa = PBXFileReference; fileEncoding = 4; lastKnownFileType = sourcecode.c.objc; name = SBJsonStreamParserAccumulator.m; path = CommonHelpers/JSON/SBJsonStreamParserAccumulator.m; sourceTree = "<group>"; };
		D38B9E5616E2767700BE0019 /* SBJsonStreamParserAdapter.h */ = {isa = PBXFileReference; fileEncoding = 4; lastKnownFileType = sourcecode.c.h; name = SBJsonStreamParserAdapter.h; path = CommonHelpers/JSON/SBJsonStreamParserAdapter.h; sourceTree = "<group>"; };
		D38B9E5716E2767700BE0019 /* SBJsonStreamParserAdapter.m */ = {isa = PBXFileReference; fileEncoding = 4; lastKnownFileType = sourcecode.c.objc; name = SBJsonStreamParserAdapter.m; path = CommonHelpers/JSON/SBJsonStreamParserAdapter.m; sourceTree = "<group>"; };
		D38B9E5816E2767700BE0019 /* SBJsonStreamParserState.h */ = {isa = PBXFileReference; fileEncoding = 4; lastKnownFileType = sourcecode.c.h; name = SBJsonStreamParserState.h; path = CommonHelpers/JSON/SBJsonStreamParserState.h; sourceTree = "<group>"; };
		D38B9E5916E2767700BE0019 /* SBJsonStreamParserState.m */ = {isa = PBXFileReference; fileEncoding = 4; lastKnownFileType = sourcecode.c.objc; name = SBJsonStreamParserState.m; path = CommonHelpers/JSON/SBJsonStreamParserState.m; sourceTree = "<group>"; };
		D38B9E5A16E2767700BE0019 /* SBJsonStreamWriter.h */ = {isa = PBXFileReference; fileEncoding = 4; lastKnownFileType = sourcecode.c.h; name = SBJsonStreamWriter.h; path = CommonHelpers/JSON/SBJsonStreamWriter.h; sourceTree = "<group>"; };
		D38B9E5B16E2767700BE0019 /* SBJsonStreamWriter.m */ = {isa = PBXFileReference; fileEncoding = 4; lastKnownFileType = sourcecode.c.objc; name = SBJsonStreamWriter.m; path = CommonHelpers/JSON/SBJsonStreamWriter.m; sourceTree = "<group>"; };
		D38B9E5C16E2767700BE0019 /* SBJsonStreamWriterAccumulator.h */ = {isa = PBXFileReference; fileEncoding = 4; lastKnownFileType = sourcecode.c.h; name = SBJsonStreamWriterAccumulator.h; path = CommonHelpers/JSON/SBJsonStreamWriterAccumulator.h; sourceTree = "<group>"; };
		D38B9E5D16E2767700BE0019 /* SBJsonStreamWriterAccumulator.m */ = {isa = PBXFileReference; fileEncoding = 4; lastKnownFileType = sourcecode.c.objc; name = SBJsonStreamWriterAccumulator.m; path = CommonHelpers/JSON/SBJsonStreamWriterAccumulator.m; sourceTree = "<group>"; };
		D38B9E5E16E2767700BE0019 /* SBJsonStreamWriterState.h */ = {isa = PBXFileReference; fileEncoding = 4; lastKnownFileType = sourcecode.c.h; name = SBJsonStreamWriterState.h; path = CommonHelpers/JSON/SBJsonStreamWriterState.h; sourceTree = "<group>"; };
		D38B9E5F16E2767700BE0019 /* SBJsonStreamWriterState.m */ = {isa = PBXFileReference; fileEncoding = 4; lastKnownFileType = sourcecode.c.objc; name = SBJsonStreamWriterState.m; path = CommonHelpers/JSON/SBJsonStreamWriterState.m; sourceTree = "<group>"; };
		D38B9E6016E2767700BE0019 /* SBJsonTokeniser.h */ = {isa = PBXFileReference; fileEncoding = 4; lastKnownFileType = sourcecode.c.h; name = SBJsonTokeniser.h; path = CommonHelpers/JSON/SBJsonTokeniser.h; sourceTree = "<group>"; };
		D38B9E6116E2767700BE0019 /* SBJsonTokeniser.m */ = {isa = PBXFileReference; fileEncoding = 4; lastKnownFileType = sourcecode.c.objc; name = SBJsonTokeniser.m; path = CommonHelpers/JSON/SBJsonTokeniser.m; sourceTree = "<group>"; };
		D38B9E6216E2767700BE0019 /* SBJsonUTF8Stream.h */ = {isa = PBXFileReference; fileEncoding = 4; lastKnownFileType = sourcecode.c.h; name = SBJsonUTF8Stream.h; path = CommonHelpers/JSON/SBJsonUTF8Stream.h; sourceTree = "<group>"; };
		D38B9E6316E2767700BE0019 /* SBJsonUTF8Stream.m */ = {isa = PBXFileReference; fileEncoding = 4; lastKnownFileType = sourcecode.c.objc; name = SBJsonUTF8Stream.m; path = CommonHelpers/JSON/SBJsonUTF8Stream.m; sourceTree = "<group>"; };
		D38B9E6416E2767700BE0019 /* SBJsonWriter.h */ = {isa = PBXFileReference; fileEncoding = 4; lastKnownFileType = sourcecode.c.h; name = SBJsonWriter.h; path = CommonHelpers/JSON/SBJsonWriter.h; sourceTree = "<group>"; };
		D38B9E6516E2767700BE0019 /* SBJsonWriter.m */ = {isa = PBXFileReference; fileEncoding = 4; lastKnownFileType = sourcecode.c.objc; name = SBJsonWriter.m; path = CommonHelpers/JSON/SBJsonWriter.m; sourceTree = "<group>"; };
		D38B9E7216E276B700BE0019 /* ClimbInfo.h */ = {isa = PBXFileReference; fileEncoding = 4; lastKnownFileType = sourcecode.c.h; name = ClimbInfo.h; path = Model/ClimbInfo.h; sourceTree = "<group>"; };
		D38B9E7316E276B700BE0019 /* ClimbInfo.m */ = {isa = PBXFileReference; fileEncoding = 4; lastKnownFileType = sourcecode.c.objc; name = ClimbInfo.m; path = Model/ClimbInfo.m; sourceTree = "<group>"; };
		D38B9E7416E276B700BE0019 /* MyClimbsManager.h */ = {isa = PBXFileReference; fileEncoding = 4; lastKnownFileType = sourcecode.c.h; name = MyClimbsManager.h; path = Model/MyClimbsManager.h; sourceTree = "<group>"; };
		D38B9E7516E276B700BE0019 /* MyClimbsManager.m */ = {isa = PBXFileReference; fileEncoding = 4; lastKnownFileType = sourcecode.c.objc; name = MyClimbsManager.m; path = Model/MyClimbsManager.m; sourceTree = "<group>"; };
		D38B9E7616E276B700BE0019 /* SearchFilter.h */ = {isa = PBXFileReference; fileEncoding = 4; lastKnownFileType = sourcecode.c.h; name = SearchFilter.h; path = Model/SearchFilter.h; sourceTree = "<group>"; };
		D38B9E7716E276B700BE0019 /* SearchFilter.m */ = {isa = PBXFileReference; fileEncoding = 4; lastKnownFileType = sourcecode.c.objc; name = SearchFilter.m; path = Model/SearchFilter.m; sourceTree = "<group>"; };
		D38B9E7B16E276F000BE0019 /* ExpandableView.h */ = {isa = PBXFileReference; fileEncoding = 4; lastKnownFileType = sourcecode.c.h; name = ExpandableView.h; path = Views/ExpandableView.h; sourceTree = "<group>"; };
		D38B9E7C16E276F000BE0019 /* ExpandableView.m */ = {isa = PBXFileReference; fileEncoding = 4; lastKnownFileType = sourcecode.c.objc; name = ExpandableView.m; path = Views/ExpandableView.m; sourceTree = "<group>"; };
		D38B9E7D16E276F000BE0019 /* RangeSlider.h */ = {isa = PBXFileReference; fileEncoding = 4; lastKnownFileType = sourcecode.c.h; name = RangeSlider.h; path = Views/RangeSlider.h; sourceTree = "<group>"; };
		D38B9E7E16E276F000BE0019 /* RangeSlider.m */ = {isa = PBXFileReference; fileEncoding = 4; lastKnownFileType = sourcecode.c.objc; name = RangeSlider.m; path = Views/RangeSlider.m; sourceTree = "<group>"; };
		D38B9E7F16E276F000BE0019 /* ToggleSegmentedControl.h */ = {isa = PBXFileReference; fileEncoding = 4; lastKnownFileType = sourcecode.c.h; name = ToggleSegmentedControl.h; path = Views/ToggleSegmentedControl.h; sourceTree = "<group>"; };
		D38B9E8016E276F000BE0019 /* ToggleSegmentedControl.m */ = {isa = PBXFileReference; fileEncoding = 4; lastKnownFileType = sourcecode.c.objc; name = ToggleSegmentedControl.m; path = Views/ToggleSegmentedControl.m; sourceTree = "<group>"; };
		D38B9E8416E277D400BE0019 /* SearchViewController.h */ = {isa = PBXFileReference; fileEncoding = 4; lastKnownFileType = sourcecode.c.h; name = SearchViewController.h; path = ViewControllers/SearchViewController.h; sourceTree = "<group>"; };
		D38B9E8516E277D400BE0019 /* SearchViewController.m */ = {isa = PBXFileReference; fileEncoding = 4; lastKnownFileType = sourcecode.c.objc; name = SearchViewController.m; path = ViewControllers/SearchViewController.m; sourceTree = "<group>"; };
		D38B9E8716E277E800BE0019 /* ClimbInfoTableViewController.h */ = {isa = PBXFileReference; fileEncoding = 4; lastKnownFileType = sourcecode.c.h; name = ClimbInfoTableViewController.h; path = ViewControllers/ClimbTableViewControllers/ClimbInfoTableViewController.h; sourceTree = "<group>"; };
		D38B9E8816E277E800BE0019 /* ClimbInfoTableViewController.m */ = {isa = PBXFileReference; fileEncoding = 4; lastKnownFileType = sourcecode.c.objc; name = ClimbInfoTableViewController.m; path = ViewControllers/ClimbTableViewControllers/ClimbInfoTableViewController.m; sourceTree = "<group>"; };
		D38B9E8916E277E800BE0019 /* MyClimbsViewController.h */ = {isa = PBXFileReference; fileEncoding = 4; lastKnownFileType = sourcecode.c.h; name = MyClimbsViewController.h; path = ViewControllers/ClimbTableViewControllers/MyClimbsViewController.h; sourceTree = "<group>"; };
		D38B9E8A16E277E800BE0019 /* MyClimbsViewController.m */ = {isa = PBXFileReference; fileEncoding = 4; lastKnownFileType = sourcecode.c.objc; name = MyClimbsViewController.m; path = ViewControllers/ClimbTableViewControllers/MyClimbsViewController.m; sourceTree = "<group>"; };
		D38B9E8B16E277E800BE0019 /* SearchResultViewController.h */ = {isa = PBXFileReference; fileEncoding = 4; lastKnownFileType = sourcecode.c.h; name = SearchResultViewController.h; path = ViewControllers/ClimbTableViewControllers/SearchResultViewController.h; sourceTree = "<group>"; };
		D38B9E8C16E277E800BE0019 /* SearchResultViewController.m */ = {isa = PBXFileReference; fileEncoding = 4; lastKnownFileType = sourcecode.c.objc; name = SearchResultViewController.m; path = ViewControllers/ClimbTableViewControllers/SearchResultViewController.m; sourceTree = "<group>"; };
		D38B9E9016E2786500BE0019 /* ClimbDetailViewController.h */ = {isa = PBXFileReference; fileEncoding = 4; lastKnownFileType = sourcecode.c.h; name = ClimbDetailViewController.h; path = ViewControllers/ClimbDetailViewControllers/ClimbDetailViewController.h; sourceTree = "<group>"; };
		D38B9E9116E2786500BE0019 /* ClimbDetailViewController.m */ = {isa = PBXFileReference; fileEncoding = 4; lastKnownFileType = sourcecode.c.objc; name = ClimbDetailViewController.m; path = ViewControllers/ClimbDetailViewControllers/ClimbDetailViewController.m; sourceTree = "<group>"; };
		D38B9E9216E2786500BE0019 /* MyClimbsDetailViewController.h */ = {isa = PBXFileReference; fileEncoding = 4; lastKnownFileType = sourcecode.c.h; name = MyClimbsDetailViewController.h; path = ViewControllers/ClimbDetailViewControllers/MyClimbsDetailViewController.h; sourceTree = "<group>"; };
		D38B9E9316E2786500BE0019 /* MyClimbsDetailViewController.m */ = {isa = PBXFileReference; fileEncoding = 4; lastKnownFileType = sourcecode.c.objc; name = MyClimbsDetailViewController.m; path = ViewControllers/ClimbDetailViewControllers/MyClimbsDetailViewController.m; sourceTree = "<group>"; };
		D38B9E9416E2786500BE0019 /* SearchResultClimbDetailViewController.h */ = {isa = PBXFileReference; fileEncoding = 4; lastKnownFileType = sourcecode.c.h; name = SearchResultClimbDetailViewController.h; path = ViewControllers/ClimbDetailViewControllers/SearchResultClimbDetailViewController.h; sourceTree = "<group>"; };
		D38B9E9516E2786500BE0019 /* SearchResultClimbDetailViewController.m */ = {isa = PBXFileReference; fileEncoding = 4; lastKnownFileType = sourcecode.c.objc; name = SearchResultClimbDetailViewController.m; path = ViewControllers/ClimbDetailViewControllers/SearchResultClimbDetailViewController.m; sourceTree = "<group>"; };
		D38B9E9F16E2791500BE0019 /* myclimbs.png */ = {isa = PBXFileReference; lastKnownFileType = image.png; name = myclimbs.png; path = Assets/myclimbs.png; sourceTree = "<group>"; };
		D38B9EA016E2791500BE0019 /* nopic.png */ = {isa = PBXFileReference; lastKnownFileType = image.png; name = nopic.png; path = Assets/nopic.png; sourceTree = "<group>"; };
		D38B9EA116E2791500BE0019 /* SearchIcon.png */ = {isa = PBXFileReference; lastKnownFileType = image.png; name = SearchIcon.png; path = Assets/SearchIcon.png; sourceTree = "<group>"; };
		D38B9EA516E2876200BE0019 /* PointingViewController.h */ = {isa = PBXFileReference; fileEncoding = 4; lastKnownFileType = sourcecode.c.h; name = PointingViewController.h; path = ViewControllers/PointingViewController.h; sourceTree = "<group>"; };
		D38B9EA616E2876200BE0019 /* PointingViewController.m */ = {isa = PBXFileReference; fileEncoding = 4; lastKnownFileType = sourcecode.c.objc; name = PointingViewController.m; path = ViewControllers/PointingViewController.m; sourceTree = "<group>"; };
		D38B9EA816E28CF900BE0019 /* compass.png */ = {isa = PBXFileReference; lastKnownFileType = image.png; name = compass.png; path = Assets/compass.png; sourceTree = "<group>"; };
		D38B9EAA16E29AED00BE0019 /* UIView+UIViewConvenience.h */ = {isa = PBXFileReference; fileEncoding = 4; lastKnownFileType = sourcecode.c.h; path = "UIView+UIViewConvenience.h"; sourceTree = "<group>"; };
		D38B9EAB16E29AEE00BE0019 /* UIView+UIViewConvenience.m */ = {isa = PBXFileReference; fileEncoding = 4; lastKnownFileType = sourcecode.c.objc; path = "UIView+UIViewConvenience.m"; sourceTree = "<group>"; };
		D39A364C15EF23A1009FDC9E /* CoreLocation.framework */ = {isa = PBXFileReference; lastKnownFileType = wrapper.framework; name = CoreLocation.framework; path = System/Library/Frameworks/CoreLocation.framework; sourceTree = SDKROOT; };
		D3B1B8F4165629470014457D /* AppIcon_retina.png */ = {isa = PBXFileReference; lastKnownFileType = image.png; path = AppIcon_retina.png; sourceTree = "<group>"; };
		D3B1B8F716562A2C0014457D /* AppIcon.png */ = {isa = PBXFileReference; lastKnownFileType = image.png; path = AppIcon.png; sourceTree = "<group>"; };
		D3CC7EB616562D9000BD4D09 /* Default@2x.png */ = {isa = PBXFileReference; lastKnownFileType = image.png; path = "Default@2x.png"; sourceTree = "<group>"; };
		D3CC7EBA16562ECB00BD4D09 /* Default.png */ = {isa = PBXFileReference; lastKnownFileType = image.png; path = Default.png; sourceTree = "<group>"; };
/* End PBXFileReference section */

/* Begin PBXFrameworksBuildPhase section */
		D3400DB715E4212500503B1F /* Frameworks */ = {
			isa = PBXFrameworksBuildPhase;
			buildActionMask = 2147483647;
			files = (
				D310E17D164E088600ECAF1C /* MapKit.framework in Frameworks */,
				D316160B1608F8C30044DA09 /* QuartzCore.framework in Frameworks */,
				D39A364D15EF23A1009FDC9E /* CoreLocation.framework in Frameworks */,
				D3400DBF15E4212600503B1F /* UIKit.framework in Frameworks */,
				D3400DC115E4212600503B1F /* Foundation.framework in Frameworks */,
				D3400DC315E4212600503B1F /* CoreGraphics.framework in Frameworks */,
			);
			runOnlyForDeploymentPostprocessing = 0;
		};
/* End PBXFrameworksBuildPhase section */

/* Begin PBXGroup section */
		D3400DAF15E4212500503B1F = {
			isa = PBXGroup;
			children = (
				D3400DC415E4212600503B1F /* ClimbersBuddy */,
				D349BDFF15F05E7300BDBB3C /* Assets */,
				D3400DBD15E4212600503B1F /* Frameworks */,
				D3400DBB15E4212600503B1F /* Products */,
			);
			sourceTree = "<group>";
		};
		D3400DBB15E4212600503B1F /* Products */ = {
			isa = PBXGroup;
			children = (
				D3400DBA15E4212600503B1F /* ClimbBuddy.app */,
			);
			name = Products;
			sourceTree = "<group>";
		};
		D3400DBD15E4212600503B1F /* Frameworks */ = {
			isa = PBXGroup;
			children = (
				D310E17C164E088600ECAF1C /* MapKit.framework */,
				D316160A1608F8C30044DA09 /* QuartzCore.framework */,
				D39A364C15EF23A1009FDC9E /* CoreLocation.framework */,
				D3400DBE15E4212600503B1F /* UIKit.framework */,
				D3400DC015E4212600503B1F /* Foundation.framework */,
				D3400DC215E4212600503B1F /* CoreGraphics.framework */,
			);
			name = Frameworks;
			sourceTree = "<group>";
		};
		D3400DC415E4212600503B1F /* ClimbersBuddy */ = {
			isa = PBXGroup;
			children = (
				D3400DCD15E4212600503B1F /* AppDelegate.h */,
				D3400DCE15E4212600503B1F /* AppDelegate.m */,
				D39A365215EFD2C4009FDC9E /* CommonHelpers */,
				D3A6A96315EC096D0098539C /* Views */,
				D34D3E1B15E88C8C0047E8A3 /* Model */,
				D3400DEC15E4238900503B1F /* View Controllers */,
				D3400DC515E4212600503B1F /* Supporting Files */,
			);
			path = ClimbersBuddy;
			sourceTree = "<group>";
		};
		D3400DC515E4212600503B1F /* Supporting Files */ = {
			isa = PBXGroup;
			children = (
				D3400DC615E4212600503B1F /* ClimbBuddy-Info.plist */,
				D3400DC715E4212600503B1F /* InfoPlist.strings */,
				D3400DCA15E4212600503B1F /* main.m */,
				D3400DCC15E4212600503B1F /* ClimbBuddy-Prefix.pch */,
			);
			name = "Supporting Files";
			sourceTree = "<group>";
		};
		D3400DEC15E4238900503B1F /* View Controllers */ = {
			isa = PBXGroup;
			children = (
				D38B9E8416E277D400BE0019 /* SearchViewController.h */,
				D38B9E8516E277D400BE0019 /* SearchViewController.m */,
				D38B9EA516E2876200BE0019 /* PointingViewController.h */,
				D38B9EA616E2876200BE0019 /* PointingViewController.m */,
				D35DBDF816079B67003F9C94 /* Climb Table View Controllers */,
				D35DBDF716079B3C003F9C94 /* Climb Detail View Controllers */,
			);
			name = "View Controllers";
			sourceTree = "<group>";
		};
		D349BDFF15F05E7300BDBB3C /* Assets */ = {
			isa = PBXGroup;
			children = (
				D3CC7EBA16562ECB00BD4D09 /* Default.png */,
				D38B9EA816E28CF900BE0019 /* compass.png */,
				D3CC7EB616562D9000BD4D09 /* Default@2x.png */,
				D3B1B8F716562A2C0014457D /* AppIcon.png */,
				D3B1B8F4165629470014457D /* AppIcon_retina.png */,
				D31537AF160AED220027D3DF /* Default-568h@2x.png */,
				D38B9E9F16E2791500BE0019 /* myclimbs.png */,
				D38B9EA016E2791500BE0019 /* nopic.png */,
				D38B9EA116E2791500BE0019 /* SearchIcon.png */,
			);
			name = Assets;
			sourceTree = "<group>";
		};
		D34D3E1B15E88C8C0047E8A3 /* Model */ = {
			isa = PBXGroup;
			children = (
				D38B9E7216E276B700BE0019 /* ClimbInfo.h */,
				D38B9E7316E276B700BE0019 /* ClimbInfo.m */,
				D38B9E7416E276B700BE0019 /* MyClimbsManager.h */,
				D38B9E7516E276B700BE0019 /* MyClimbsManager.m */,
				D38B9E7616E276B700BE0019 /* SearchFilter.h */,
				D38B9E7716E276B700BE0019 /* SearchFilter.m */,
			);
			name = Model;
			sourceTree = "<group>";
		};
		D35DBDF716079B3C003F9C94 /* Climb Detail View Controllers */ = {
			isa = PBXGroup;
			children = (
				D38B9E9016E2786500BE0019 /* ClimbDetailViewController.h */,
				D38B9E9116E2786500BE0019 /* ClimbDetailViewController.m */,
				D38B9E9216E2786500BE0019 /* MyClimbsDetailViewController.h */,
				D38B9E9316E2786500BE0019 /* MyClimbsDetailViewController.m */,
				D38B9E9416E2786500BE0019 /* SearchResultClimbDetailViewController.h */,
				D38B9E9516E2786500BE0019 /* SearchResultClimbDetailViewController.m */,
			);
			name = "Climb Detail View Controllers";
			sourceTree = "<group>";
		};
		D35DBDF816079B67003F9C94 /* Climb Table View Controllers */ = {
			isa = PBXGroup;
			children = (
				D38B9E8716E277E800BE0019 /* ClimbInfoTableViewController.h */,
				D38B9E8816E277E800BE0019 /* ClimbInfoTableViewController.m */,
				D38B9E8916E277E800BE0019 /* MyClimbsViewController.h */,
				D38B9E8A16E277E800BE0019 /* MyClimbsViewController.m */,
				D38B9E8B16E277E800BE0019 /* SearchResultViewController.h */,
				D38B9E8C16E277E800BE0019 /* SearchResultViewController.m */,
			);
			name = "Climb Table View Controllers";
			sourceTree = "<group>";
		};
		D384837B16499E9100B0A62C /* JSON */ = {
			isa = PBXGroup;
			children = (
				D38B9E4D16E2767700BE0019 /* NSObject+SBJson.h */,
				D38B9E4E16E2767700BE0019 /* NSObject+SBJson.m */,
				D38B9E4F16E2767700BE0019 /* SBJson.h */,
				D38B9E5016E2767700BE0019 /* SBJsonParser.h */,
				D38B9E5116E2767700BE0019 /* SBJsonParser.m */,
				D38B9E5216E2767700BE0019 /* SBJsonStreamParser.h */,
				D38B9E5316E2767700BE0019 /* SBJsonStreamParser.m */,
				D38B9E5416E2767700BE0019 /* SBJsonStreamParserAccumulator.h */,
				D38B9E5516E2767700BE0019 /* SBJsonStreamParserAccumulator.m */,
				D38B9E5616E2767700BE0019 /* SBJsonStreamParserAdapter.h */,
				D38B9E5716E2767700BE0019 /* SBJsonStreamParserAdapter.m */,
				D38B9E5816E2767700BE0019 /* SBJsonStreamParserState.h */,
				D38B9E5916E2767700BE0019 /* SBJsonStreamParserState.m */,
				D38B9E5A16E2767700BE0019 /* SBJsonStreamWriter.h */,
				D38B9E5B16E2767700BE0019 /* SBJsonStreamWriter.m */,
				D38B9E5C16E2767700BE0019 /* SBJsonStreamWriterAccumulator.h */,
				D38B9E5D16E2767700BE0019 /* SBJsonStreamWriterAccumulator.m */,
				D38B9E5E16E2767700BE0019 /* SBJsonStreamWriterState.h */,
				D38B9E5F16E2767700BE0019 /* SBJsonStreamWriterState.m */,
				D38B9E6016E2767700BE0019 /* SBJsonTokeniser.h */,
				D38B9E6116E2767700BE0019 /* SBJsonTokeniser.m */,
				D38B9E6216E2767700BE0019 /* SBJsonUTF8Stream.h */,
				D38B9E6316E2767700BE0019 /* SBJsonUTF8Stream.m */,
				D38B9E6416E2767700BE0019 /* SBJsonWriter.h */,
				D38B9E6516E2767700BE0019 /* SBJsonWriter.m */,
			);
			name = JSON;
			sourceTree = "<group>";
		};
		D39A365215EFD2C4009FDC9E /* CommonHelpers */ = {
			isa = PBXGroup;
			children = (
				D38B9EAA16E29AED00BE0019 /* UIView+UIViewConvenience.h */,
				D38B9EAB16E29AEE00BE0019 /* UIView+UIViewConvenience.m */,
				D38B9E4316E275D300BE0019 /* ClimbersBuddyStyle.h */,
				D38B9E4416E275D300BE0019 /* ClimbersBuddyStyle.m */,
				D38B9E4516E275D300BE0019 /* ClimbParser.h */,
				D38B9E4616E275D300BE0019 /* ClimbParser.m */,
				D38B9E4716E275D300BE0019 /* CommonDefines.h */,
				D38B9E4816E275D300BE0019 /* LocationManager.h */,
				D38B9E4916E275D300BE0019 /* LocationManager.m */,
				D384837B16499E9100B0A62C /* JSON */,
			);
			name = CommonHelpers;
			sourceTree = "<group>";
		};
		D3A6A96315EC096D0098539C /* Views */ = {
			isa = PBXGroup;
			children = (
				D38B9E7B16E276F000BE0019 /* ExpandableView.h */,
				D38B9E7C16E276F000BE0019 /* ExpandableView.m */,
				D38B9E7D16E276F000BE0019 /* RangeSlider.h */,
				D38B9E7E16E276F000BE0019 /* RangeSlider.m */,
				D38B9E7F16E276F000BE0019 /* ToggleSegmentedControl.h */,
				D38B9E8016E276F000BE0019 /* ToggleSegmentedControl.m */,
			);
			name = Views;
			sourceTree = "<group>";
		};
/* End PBXGroup section */

/* Begin PBXNativeTarget section */
		D3400DB915E4212500503B1F /* ClimbBuddy */ = {
			isa = PBXNativeTarget;
			buildConfigurationList = D3400DE615E4212600503B1F /* Build configuration list for PBXNativeTarget "ClimbBuddy" */;
			buildPhases = (
				D3400DB615E4212500503B1F /* Sources */,
				D3400DB715E4212500503B1F /* Frameworks */,
				D3400DB815E4212500503B1F /* Resources */,
			);
			buildRules = (
			);
			dependencies = (
			);
			name = ClimbBuddy;
			productName = ClimbersBuddy;
			productReference = D3400DBA15E4212600503B1F /* ClimbBuddy.app */;
			productType = "com.apple.product-type.application";
		};
/* End PBXNativeTarget section */

/* Begin PBXProject section */
		D3400DB115E4212500503B1F /* Project object */ = {
			isa = PBXProject;
			attributes = {
				LastUpgradeCheck = 0460;
				ORGANIZATIONNAME = CSHaus;
			};
			buildConfigurationList = D3400DB415E4212500503B1F /* Build configuration list for PBXProject "ClimbBuddy" */;
			compatibilityVersion = "Xcode 3.2";
			developmentRegion = English;
			hasScannedForEncodings = 0;
			knownRegions = (
				en,
			);
			mainGroup = D3400DAF15E4212500503B1F;
			productRefGroup = D3400DBB15E4212600503B1F /* Products */;
			projectDirPath = "";
			projectRoot = "";
			targets = (
				D3400DB915E4212500503B1F /* ClimbBuddy */,
			);
		};
/* End PBXProject section */

/* Begin PBXResourcesBuildPhase section */
		D3400DB815E4212500503B1F /* Resources */ = {
			isa = PBXResourcesBuildPhase;
			buildActionMask = 2147483647;
			files = (
				D3400DC915E4212600503B1F /* InfoPlist.strings in Resources */,
				D31537B0160AED220027D3DF /* Default-568h@2x.png in Resources */,
				D3B1B8F5165629470014457D /* AppIcon_retina.png in Resources */,
				D3B1B8F816562A2C0014457D /* AppIcon.png in Resources */,
				D3CC7EB716562D9000BD4D09 /* Default@2x.png in Resources */,
				D3CC7EBB16562ECB00BD4D09 /* Default.png in Resources */,
				D38B9EA216E2791500BE0019 /* myclimbs.png in Resources */,
				D38B9EA316E2791500BE0019 /* nopic.png in Resources */,
				D38B9EA416E2791500BE0019 /* SearchIcon.png in Resources */,
				D38B9EA916E28CF900BE0019 /* compass.png in Resources */,
			);
			runOnlyForDeploymentPostprocessing = 0;
		};
/* End PBXResourcesBuildPhase section */

/* Begin PBXSourcesBuildPhase section */
		D3400DB615E4212500503B1F /* Sources */ = {
			isa = PBXSourcesBuildPhase;
			buildActionMask = 2147483647;
			files = (
				D3400DCB15E4212600503B1F /* main.m in Sources */,
				D3400DCF15E4212600503B1F /* AppDelegate.m in Sources */,
				D38B9E4A16E275D300BE0019 /* ClimbersBuddyStyle.m in Sources */,
				D38B9E4B16E275D300BE0019 /* ClimbParser.m in Sources */,
				D38B9E4C16E275D300BE0019 /* LocationManager.m in Sources */,
				D38B9E6616E2767700BE0019 /* NSObject+SBJson.m in Sources */,
				D38B9E6716E2767700BE0019 /* SBJsonParser.m in Sources */,
				D38B9E6816E2767700BE0019 /* SBJsonStreamParser.m in Sources */,
				D38B9E6916E2767700BE0019 /* SBJsonStreamParserAccumulator.m in Sources */,
				D38B9E6A16E2767700BE0019 /* SBJsonStreamParserAdapter.m in Sources */,
				D38B9E6B16E2767700BE0019 /* SBJsonStreamParserState.m in Sources */,
				D38B9E6C16E2767700BE0019 /* SBJsonStreamWriter.m in Sources */,
				D38B9E6D16E2767700BE0019 /* SBJsonStreamWriterAccumulator.m in Sources */,
				D38B9E6E16E2767700BE0019 /* SBJsonStreamWriterState.m in Sources */,
				D38B9E6F16E2767700BE0019 /* SBJsonTokeniser.m in Sources */,
				D38B9E7016E2767700BE0019 /* SBJsonUTF8Stream.m in Sources */,
				D38B9E7116E2767700BE0019 /* SBJsonWriter.m in Sources */,
				D38B9E7816E276B700BE0019 /* ClimbInfo.m in Sources */,
				D38B9E7916E276B700BE0019 /* MyClimbsManager.m in Sources */,
				D38B9E7A16E276B700BE0019 /* SearchFilter.m in Sources */,
				D38B9E8116E276F000BE0019 /* ExpandableView.m in Sources */,
				D38B9E8216E276F000BE0019 /* RangeSlider.m in Sources */,
				D38B9E8316E276F000BE0019 /* ToggleSegmentedControl.m in Sources */,
				D38B9E8616E277D400BE0019 /* SearchViewController.m in Sources */,
				D38B9E8D16E277E800BE0019 /* ClimbInfoTableViewController.m in Sources */,
				D38B9E8E16E277E800BE0019 /* MyClimbsViewController.m in Sources */,
				D38B9E8F16E277E800BE0019 /* SearchResultViewController.m in Sources */,
				D38B9E9616E2786500BE0019 /* ClimbDetailViewController.m in Sources */,
				D38B9E9716E2786500BE0019 /* MyClimbsDetailViewController.m in Sources */,
				D38B9E9816E2786500BE0019 /* SearchResultClimbDetailViewController.m in Sources */,
				D38B9EA716E2876200BE0019 /* PointingViewController.m in Sources */,
				D38B9EAC16E29AEE00BE0019 /* UIView+UIViewConvenience.m in Sources */,
			);
			runOnlyForDeploymentPostprocessing = 0;
		};
/* End PBXSourcesBuildPhase section */

/* Begin PBXVariantGroup section */
		D3400DC715E4212600503B1F /* InfoPlist.strings */ = {
			isa = PBXVariantGroup;
			children = (
				D3400DC815E4212600503B1F /* en */,
			);
			name = InfoPlist.strings;
			sourceTree = "<group>";
		};
/* End PBXVariantGroup section */

/* Begin XCBuildConfiguration section */
		D3400DE415E4212600503B1F /* Debug */ = {
			isa = XCBuildConfiguration;
			buildSettings = {
				ALWAYS_SEARCH_USER_PATHS = NO;
				ARCHS = "$(ARCHS_STANDARD_32_BIT)";
				CLANG_CXX_LANGUAGE_STANDARD = "gnu++0x";
				CLANG_ENABLE_OBJC_ARC = YES;
				CLANG_WARN_CONSTANT_CONVERSION = YES;
				CLANG_WARN_ENUM_CONVERSION = YES;
				CLANG_WARN_INT_CONVERSION = YES;
				CLANG_WARN__DUPLICATE_METHOD_MATCH = YES;
				CODE_SIGN_IDENTITY = "iPhone Developer: Kenneth Barry (4BSY7W5PR2)";
				"CODE_SIGN_IDENTITY[sdk=iphoneos*]" = "iPhone Developer: Kenneth Barry (4BSY7W5PR2)";
				COPY_PHASE_STRIP = NO;
				GCC_C_LANGUAGE_STANDARD = gnu99;
				GCC_DYNAMIC_NO_PIC = NO;
				GCC_OPTIMIZATION_LEVEL = 0;
				GCC_PREPROCESSOR_DEFINITIONS = (
					"DEBUG=1",
					"$(inherited)",
				);
				GCC_SYMBOLS_PRIVATE_EXTERN = NO;
				GCC_VERSION = com.apple.compilers.llvm.clang.1_0;
				GCC_WARN_ABOUT_RETURN_TYPE = YES;
				GCC_WARN_UNINITIALIZED_AUTOS = YES;
				GCC_WARN_UNUSED_VARIABLE = YES;
				IPHONEOS_DEPLOYMENT_TARGET = 5.1;
				PROVISIONING_PROFILE = "E5E2671D-380B-4127-A871-29B8287303BC";
				"PROVISIONING_PROFILE[sdk=iphoneos*]" = "E5E2671D-380B-4127-A871-29B8287303BC";
				SDKROOT = iphoneos;
			};
			name = Debug;
		};
		D3400DE515E4212600503B1F /* Release */ = {
			isa = XCBuildConfiguration;
			buildSettings = {
				ALWAYS_SEARCH_USER_PATHS = NO;
				ARCHS = "$(ARCHS_STANDARD_32_BIT)";
				CLANG_CXX_LANGUAGE_STANDARD = "gnu++0x";
				CLANG_ENABLE_OBJC_ARC = YES;
				CLANG_WARN_CONSTANT_CONVERSION = YES;
				CLANG_WARN_ENUM_CONVERSION = YES;
				CLANG_WARN_INT_CONVERSION = YES;
				CLANG_WARN__DUPLICATE_METHOD_MATCH = YES;
				CODE_SIGN_IDENTITY = "iPhone Developer: Kenneth Barry (4BSY7W5PR2)";
				"CODE_SIGN_IDENTITY[sdk=iphoneos*]" = "iPhone Developer: Kenneth Barry (4BSY7W5PR2)";
				COPY_PHASE_STRIP = YES;
				GCC_C_LANGUAGE_STANDARD = gnu99;
				GCC_VERSION = com.apple.compilers.llvm.clang.1_0;
				GCC_WARN_ABOUT_RETURN_TYPE = YES;
				GCC_WARN_UNINITIALIZED_AUTOS = YES;
				GCC_WARN_UNUSED_VARIABLE = YES;
				IPHONEOS_DEPLOYMENT_TARGET = 5.1;
				OTHER_CFLAGS = "-DNS_BLOCK_ASSERTIONS=1";
				PROVISIONING_PROFILE = "E5E2671D-380B-4127-A871-29B8287303BC";
				"PROVISIONING_PROFILE[sdk=iphoneos*]" = "E5E2671D-380B-4127-A871-29B8287303BC";
				SDKROOT = iphoneos;
				VALIDATE_PRODUCT = YES;
			};
			name = Release;
		};
		D3400DE715E4212600503B1F /* Debug */ = {
			isa = XCBuildConfiguration;
			buildSettings = {
				GCC_PRECOMPILE_PREFIX_HEADER = YES;
				GCC_PREFIX_HEADER = "ClimbersBuddy/ClimbBuddy-Prefix.pch";
				INFOPLIST_FILE = "ClimbersBuddy/ClimbBuddy-Info.plist";
				PRODUCT_NAME = ClimbBuddy;
				WRAPPER_EXTENSION = app;
			};
			name = Debug;
		};
		D3400DE815E4212600503B1F /* Release */ = {
			isa = XCBuildConfiguration;
			buildSettings = {
				GCC_PRECOMPILE_PREFIX_HEADER = YES;
				GCC_PREFIX_HEADER = "ClimbersBuddy/ClimbBuddy-Prefix.pch";
				INFOPLIST_FILE = "ClimbersBuddy/ClimbBuddy-Info.plist";
				PRODUCT_NAME = ClimbBuddy;
				WRAPPER_EXTENSION = app;
			};
			name = Release;
		};
/* End XCBuildConfiguration section */

/* Begin XCConfigurationList section */
		D3400DB415E4212500503B1F /* Build configuration list for PBXProject "ClimbBuddy" */ = {
			isa = XCConfigurationList;
			buildConfigurations = (
				D3400DE415E4212600503B1F /* Debug */,
				D3400DE515E4212600503B1F /* Release */,
			);
			defaultConfigurationIsVisible = 0;
			defaultConfigurationName = Release;
		};
		D3400DE615E4212600503B1F /* Build configuration list for PBXNativeTarget "ClimbBuddy" */ = {
			isa = XCConfigurationList;
			buildConfigurations = (
				D3400DE715E4212600503B1F /* Debug */,
				D3400DE815E4212600503B1F /* Release */,
			);
			defaultConfigurationIsVisible = 0;
			defaultConfigurationName = Release;
		};
/* End XCConfigurationList section */
	};
	rootObject = D3400DB115E4212500503B1F /* Project object */;
}
